
Microsoft Visual Studio Solution File, Format Version 12.00
# Visual Studio Version 16
VisualStudioVersion = 16.0.30204.135
MinimumVisualStudioVersion = 10.0.40219.1
Project("{FAE04EC0-301F-11D3-BF4B-00C04F79EFBC}") = "FarmItAPI", "FarmItAPI\FarmItAPI.csproj", "{FC2ED83F-D819-4F19-9013-F8C04D9979FE}"
EndProject
Project("{FAE04EC0-301F-11D3-BF4B-00C04F79EFBC}") = "Models", "Models\Models.csproj", "{609AC47D-7A01-4BBE-8DE5-750A406AC550}"
EndProject
Project("{FAE04EC0-301F-11D3-BF4B-00C04F79EFBC}") = "Interface", "Interface\Interface.csproj", "{129E6D50-5FDE-444D-9B70-3D1A6D8B3D11}"
EndProject
Project("{FAE04EC0-301F-11D3-BF4B-00C04F79EFBC}") = "ViewModels", "ViewModels\ViewModels.csproj", "{198477E6-5071-487F-857E-9868CFDA3BE5}"
EndProject
Global
	GlobalSection(SolutionConfigurationPlatforms) = preSolution
		Debug|Any CPU = Debug|Any CPU
		Release|Any CPU = Release|Any CPU
	EndGlobalSection
	GlobalSection(ProjectConfigurationPlatforms) = postSolution
		{FC2ED83F-D819-4F19-9013-F8C04D9979FE}.Debug|Any CPU.ActiveCfg = Debug|Any CPU
		{FC2ED83F-D819-4F19-9013-F8C04D9979FE}.Debug|Any CPU.Build.0 = Debug|Any CPU
		{FC2ED83F-D819-4F19-9013-F8C04D9979FE}.Release|Any CPU.ActiveCfg = Release|Any CPU
		{FC2ED83F-D819-4F19-9013-F8C04D9979FE}.Release|Any CPU.Build.0 = Release|Any CPU
		{609AC47D-7A01-4BBE-8DE5-750A406AC550}.Debug|Any CPU.ActiveCfg = Debug|Any CPU
		{609AC47D-7A01-4BBE-8DE5-750A406AC550}.Debug|Any CPU.Build.0 = Debug|Any CPU
		{609AC47D-7A01-4BBE-8DE5-750A406AC550}.Release|Any CPU.ActiveCfg = Release|Any CPU
		{609AC47D-7A01-4BBE-8DE5-750A406AC550}.Release|Any CPU.Build.0 = Release|Any CPU
		{129E6D50-5FDE-444D-9B70-3D1A6D8B3D11}.Debug|Any CPU.ActiveCfg = Debug|Any CPU
		{129E6D50-5FDE-444D-9B70-3D1A6D8B3D11}.Debug|Any CPU.Build.0 = Debug|Any CPU
		{129E6D50-5FDE-444D-9B70-3D1A6D8B3D11}.Release|Any CPU.ActiveCfg = Release|Any CPU
		{129E6D50-5FDE-444D-9B70-3D1A6D8B3D11}.Release|Any CPU.Build.0 = Release|Any CPU
		{198477E6-5071-487F-857E-9868CFDA3BE5}.Debug|Any CPU.ActiveCfg = Debug|Any CPU
		{198477E6-5071-487F-857E-9868CFDA3BE5}.Debug|Any CPU.Build.0 = Debug|Any CPU
		{198477E6-5071-487F-857E-9868CFDA3BE5}.Release|Any CPU.ActiveCfg = Release|Any CPU
		{198477E6-5071-487F-857E-9868CFDA3BE5}.Release|Any CPU.Build.0 = Release|Any CPU
	EndGlobalSection
	GlobalSection(SolutionProperties) = preSolution
		HideSolutionNode = FALSE
	EndGlobalSection
	GlobalSection(ExtensibilityGlobals) = postSolution
		SolutionGuid = {A9FF636A-7F0E-4573-98D1-9F7F7998E86B}
	EndGlobalSection
EndGlobal
